
Microsoft Visual Studio Solution File, Format Version 12.00
# Visual Studio Version 16
VisualStudioVersion = 16.0.31112.23
MinimumVisualStudioVersion = 10.0.40219.1
Project("{FAE04EC0-301F-11D3-BF4B-00C04F79EFBC}") = "OrdersApi.Model", "OrdersApi.Model.csproj", "{FF9C0A0D-E6C6-47F0-B5E5-FEF201091D56}"
EndProject
Project("{FAE04EC0-301F-11D3-BF4B-00C04F79EFBC}") = "OrdersApi.Control", "..\OrdersApi.Control\OrdersApi.Control.csproj", "{EEEAAFB2-0712-4D35-BE8C-6ED58842CACB}"
EndProject
Project("{FAE04EC0-301F-11D3-BF4B-00C04F79EFBC}") = "WebApi", "..\WebApi\WebApi.csproj", "{63239281-778C-42F3-9D1C-CC11AD448F30}"
EndProject
Project("{FAE04EC0-301F-11D3-BF4B-00C04F79EFBC}") = "OrdersApi.Contract", "..\OrdersApi.Contract\OrdersApi.Contract.csproj", "{57999D37-FDE3-40B5-84CC-4B4E3A46DC19}"
EndProject
Project("{FAE04EC0-301F-11D3-BF4B-00C04F79EFBC}") = "OrdersAPi.Data", "..\OrderAPi.Datos\OrdersAPi.Data.csproj", "{E0A8034E-1709-4DBD-8553-404951BBDD6C}"
EndProject
Global
	GlobalSection(SolutionConfigurationPlatforms) = preSolution
		Debug|Any CPU = Debug|Any CPU
		Release|Any CPU = Release|Any CPU
	EndGlobalSection
	GlobalSection(ProjectConfigurationPlatforms) = postSolution
		{FF9C0A0D-E6C6-47F0-B5E5-FEF201091D56}.Debug|Any CPU.ActiveCfg = Debug|Any CPU
		{FF9C0A0D-E6C6-47F0-B5E5-FEF201091D56}.Debug|Any CPU.Build.0 = Debug|Any CPU
		{FF9C0A0D-E6C6-47F0-B5E5-FEF201091D56}.Release|Any CPU.ActiveCfg = Release|Any CPU
		{FF9C0A0D-E6C6-47F0-B5E5-FEF201091D56}.Release|Any CPU.Build.0 = Release|Any CPU
		{EEEAAFB2-0712-4D35-BE8C-6ED58842CACB}.Debug|Any CPU.ActiveCfg = Debug|Any CPU
		{EEEAAFB2-0712-4D35-BE8C-6ED58842CACB}.Debug|Any CPU.Build.0 = Debug|Any CPU
		{EEEAAFB2-0712-4D35-BE8C-6ED58842CACB}.Release|Any CPU.ActiveCfg = Release|Any CPU
		{EEEAAFB2-0712-4D35-BE8C-6ED58842CACB}.Release|Any CPU.Build.0 = Release|Any CPU
		{63239281-778C-42F3-9D1C-CC11AD448F30}.Debug|Any CPU.ActiveCfg = Debug|Any CPU
		{63239281-778C-42F3-9D1C-CC11AD448F30}.Debug|Any CPU.Build.0 = Debug|Any CPU
		{63239281-778C-42F3-9D1C-CC11AD448F30}.Release|Any CPU.ActiveCfg = Release|Any CPU
		{63239281-778C-42F3-9D1C-CC11AD448F30}.Release|Any CPU.Build.0 = Release|Any CPU
		{57999D37-FDE3-40B5-84CC-4B4E3A46DC19}.Debug|Any CPU.ActiveCfg = Debug|Any CPU
		{57999D37-FDE3-40B5-84CC-4B4E3A46DC19}.Debug|Any CPU.Build.0 = Debug|Any CPU
		{57999D37-FDE3-40B5-84CC-4B4E3A46DC19}.Release|Any CPU.ActiveCfg = Release|Any CPU
		{57999D37-FDE3-40B5-84CC-4B4E3A46DC19}.Release|Any CPU.Build.0 = Release|Any CPU
		{E0A8034E-1709-4DBD-8553-404951BBDD6C}.Debug|Any CPU.ActiveCfg = Debug|Any CPU
		{E0A8034E-1709-4DBD-8553-404951BBDD6C}.Debug|Any CPU.Build.0 = Debug|Any CPU
		{E0A8034E-1709-4DBD-8553-404951BBDD6C}.Release|Any CPU.ActiveCfg = Release|Any CPU
		{E0A8034E-1709-4DBD-8553-404951BBDD6C}.Release|Any CPU.Build.0 = Release|Any CPU
	EndGlobalSection
	GlobalSection(SolutionProperties) = preSolution
		HideSolutionNode = FALSE
	EndGlobalSection
	GlobalSection(ExtensibilityGlobals) = postSolution
		SolutionGuid = {61D36F56-6AC9-480F-BCE3-CF9093661D63}
	EndGlobalSection
EndGlobal
